
Microsoft Visual Studio Solution File, Format Version 12.00
# Visual Studio Version 17
VisualStudioVersion = 17.7.34202.233
MinimumVisualStudioVersion = 10.0.40219.1
Project("{9A19103F-16F7-4668-BE54-9A1E7A4F7556}") = "TesteCalculoSeguro.API", "TesteCalculoSeguro.API\TesteCalculoSeguro.API.csproj", "{197BD1ED-2248-4FA9-80CD-952AED14D5A9}"
EndProject
Project("{9A19103F-16F7-4668-BE54-9A1E7A4F7556}") = "TesteCalculoSeguro.Domain", "TesteCalculoSeguro.Domain\TesteCalculoSeguro.Domain.csproj", "{721E9967-B085-43AC-97B8-D092C131C10D}"
EndProject
Project("{9A19103F-16F7-4668-BE54-9A1E7A4F7556}") = "TesteCalculoSeguro.Infrastructure", "TesteCalculoSeguro.Infrastructure\TesteCalculoSeguro.Infrastructure.csproj", "{BDCD989E-1298-45FE-93C3-A3B67A5A6630}"
EndProject
Project("{9A19103F-16F7-4668-BE54-9A1E7A4F7556}") = "TesteCalculoSeguro.Application", "TesteCalculoSeguro.Application\TesteCalculoSeguro.Application.csproj", "{F3F72CBD-A20F-4455-80A4-D9FDD97FBBAA}"
EndProject
Project("{FAE04EC0-301F-11D3-BF4B-00C04F79EFBC}") = "TesteCalculoSeguto.UnitTests", "TesteCalculoSeguto.UnitTests\TesteCalculoSeguto.UnitTests.csproj", "{43574E6F-50F1-4804-B467-8EBA6762E2DA}"
EndProject
Global
	GlobalSection(SolutionConfigurationPlatforms) = preSolution
		Debug|Any CPU = Debug|Any CPU
		Release|Any CPU = Release|Any CPU
	EndGlobalSection
	GlobalSection(ProjectConfigurationPlatforms) = postSolution
		{197BD1ED-2248-4FA9-80CD-952AED14D5A9}.Debug|Any CPU.ActiveCfg = Debug|Any CPU
		{197BD1ED-2248-4FA9-80CD-952AED14D5A9}.Debug|Any CPU.Build.0 = Debug|Any CPU
		{197BD1ED-2248-4FA9-80CD-952AED14D5A9}.Release|Any CPU.ActiveCfg = Release|Any CPU
		{197BD1ED-2248-4FA9-80CD-952AED14D5A9}.Release|Any CPU.Build.0 = Release|Any CPU
		{721E9967-B085-43AC-97B8-D092C131C10D}.Debug|Any CPU.ActiveCfg = Debug|Any CPU
		{721E9967-B085-43AC-97B8-D092C131C10D}.Debug|Any CPU.Build.0 = Debug|Any CPU
		{721E9967-B085-43AC-97B8-D092C131C10D}.Release|Any CPU.ActiveCfg = Release|Any CPU
		{721E9967-B085-43AC-97B8-D092C131C10D}.Release|Any CPU.Build.0 = Release|Any CPU
		{BDCD989E-1298-45FE-93C3-A3B67A5A6630}.Debug|Any CPU.ActiveCfg = Debug|Any CPU
		{BDCD989E-1298-45FE-93C3-A3B67A5A6630}.Debug|Any CPU.Build.0 = Debug|Any CPU
		{BDCD989E-1298-45FE-93C3-A3B67A5A6630}.Release|Any CPU.ActiveCfg = Release|Any CPU
		{BDCD989E-1298-45FE-93C3-A3B67A5A6630}.Release|Any CPU.Build.0 = Release|Any CPU
		{F3F72CBD-A20F-4455-80A4-D9FDD97FBBAA}.Debug|Any CPU.ActiveCfg = Debug|Any CPU
		{F3F72CBD-A20F-4455-80A4-D9FDD97FBBAA}.Debug|Any CPU.Build.0 = Debug|Any CPU
		{F3F72CBD-A20F-4455-80A4-D9FDD97FBBAA}.Release|Any CPU.ActiveCfg = Release|Any CPU
		{F3F72CBD-A20F-4455-80A4-D9FDD97FBBAA}.Release|Any CPU.Build.0 = Release|Any CPU
		{43574E6F-50F1-4804-B467-8EBA6762E2DA}.Debug|Any CPU.ActiveCfg = Debug|Any CPU
		{43574E6F-50F1-4804-B467-8EBA6762E2DA}.Debug|Any CPU.Build.0 = Debug|Any CPU
		{43574E6F-50F1-4804-B467-8EBA6762E2DA}.Release|Any CPU.ActiveCfg = Release|Any CPU
		{43574E6F-50F1-4804-B467-8EBA6762E2DA}.Release|Any CPU.Build.0 = Release|Any CPU
	EndGlobalSection
	GlobalSection(SolutionProperties) = preSolution
		HideSolutionNode = FALSE
	EndGlobalSection
	GlobalSection(ExtensibilityGlobals) = postSolution
		SolutionGuid = {0DBF2F03-5870-48CF-85F8-5FEBCCA92620}
	EndGlobalSection
EndGlobal
